
Microsoft Visual Studio Solution File, Format Version 12.00
# Visual Studio 2012
Project("{FAE04EC0-301F-11D3-BF4B-00C04F79EFBC}") = "EmbeddedSystems.Interfaces", "EmbeddedSystems.Interfaces\EmbeddedSystems.Interfaces.csproj", "{4B949AD2-D089-4643-A9B2-A714CE520D4A}"
EndProject
Project("{2150E333-8FDC-42A3-9474-1A3956D46DE8}") = "Solution Items", "Solution Items", "{850CBDF7-0318-45D3-8F27-F361F9E24559}"
	ProjectSection(SolutionItems) = preProject
		Dependencies.dgml = Dependencies.dgml
		EmbeddedSystems.sln.DotSettings = EmbeddedSystems.sln.DotSettings
		Settings.StyleCop = Settings.StyleCop
	EndProjectSection
EndProject
Project("{FAE04EC0-301F-11D3-BF4B-00C04F79EFBC}") = "EmbeddedSystems.Persistence", "EmbeddedSystems.Persistence\EmbeddedSystems.Persistence.csproj", "{8428A3B0-19D7-4A2E-A029-07B7FEDC4CCA}"
EndProject
Project("{FAE04EC0-301F-11D3-BF4B-00C04F79EFBC}") = "EmbeddedSystems.DomainModel", "EmbeddedSystems.DomainModel\EmbeddedSystems.DomainModel.csproj", "{025222CE-EA0E-48D3-BBCF-8A53A5FA80A9}"
EndProject
Project("{2150E333-8FDC-42A3-9474-1A3956D46DE8}") = "EmbeddedSystems.ServiceLayer", "EmbeddedSystems.ServiceLayer", "{6A4BAA13-6FE6-42FF-9269-E5E084AAB96F}"
EndProject
Project("{2150E333-8FDC-42A3-9474-1A3956D46DE8}") = "Dependencies", "Dependencies", "{E32E39AD-3C35-4EE9-847B-E84E6855CFDC}"
EndProject
Project("{2150E333-8FDC-42A3-9474-1A3956D46DE8}") = "EmbeddedSystems.Applications", "EmbeddedSystems.Applications", "{458AD3B7-C50F-4415-9108-20054A0CBA47}"
EndProject
Project("{FAE04EC0-301F-11D3-BF4B-00C04F79EFBC}") = "EmbeddedSystems.Applications.MigrationsInit", "EmbeddedSystems.Applications\EmbeddedSystems.Applications.MigrationsInit\EmbeddedSystems.Applications.MigrationsInit.csproj", "{E1C29E5B-34B2-4710-AFDD-3F9544B41A7F}"
EndProject
Global
	GlobalSection(SolutionConfigurationPlatforms) = preSolution
		Debug|Any CPU = Debug|Any CPU
		Release|Any CPU = Release|Any CPU
	EndGlobalSection
	GlobalSection(ProjectConfigurationPlatforms) = postSolution
		{4B949AD2-D089-4643-A9B2-A714CE520D4A}.Debug|Any CPU.ActiveCfg = Debug|Any CPU
		{4B949AD2-D089-4643-A9B2-A714CE520D4A}.Debug|Any CPU.Build.0 = Debug|Any CPU
		{4B949AD2-D089-4643-A9B2-A714CE520D4A}.Release|Any CPU.ActiveCfg = Release|Any CPU
		{4B949AD2-D089-4643-A9B2-A714CE520D4A}.Release|Any CPU.Build.0 = Release|Any CPU
		{8428A3B0-19D7-4A2E-A029-07B7FEDC4CCA}.Debug|Any CPU.ActiveCfg = Debug|Any CPU
		{8428A3B0-19D7-4A2E-A029-07B7FEDC4CCA}.Debug|Any CPU.Build.0 = Debug|Any CPU
		{8428A3B0-19D7-4A2E-A029-07B7FEDC4CCA}.Release|Any CPU.ActiveCfg = Release|Any CPU
		{8428A3B0-19D7-4A2E-A029-07B7FEDC4CCA}.Release|Any CPU.Build.0 = Release|Any CPU
		{025222CE-EA0E-48D3-BBCF-8A53A5FA80A9}.Debug|Any CPU.ActiveCfg = Debug|Any CPU
		{025222CE-EA0E-48D3-BBCF-8A53A5FA80A9}.Debug|Any CPU.Build.0 = Debug|Any CPU
		{025222CE-EA0E-48D3-BBCF-8A53A5FA80A9}.Release|Any CPU.ActiveCfg = Release|Any CPU
		{025222CE-EA0E-48D3-BBCF-8A53A5FA80A9}.Release|Any CPU.Build.0 = Release|Any CPU
		{E1C29E5B-34B2-4710-AFDD-3F9544B41A7F}.Debug|Any CPU.ActiveCfg = Debug|Any CPU
		{E1C29E5B-34B2-4710-AFDD-3F9544B41A7F}.Debug|Any CPU.Build.0 = Debug|Any CPU
		{E1C29E5B-34B2-4710-AFDD-3F9544B41A7F}.Release|Any CPU.ActiveCfg = Release|Any CPU
		{E1C29E5B-34B2-4710-AFDD-3F9544B41A7F}.Release|Any CPU.Build.0 = Release|Any CPU
	EndGlobalSection
	GlobalSection(SolutionProperties) = preSolution
		HideSolutionNode = FALSE
	EndGlobalSection
	GlobalSection(NestedProjects) = preSolution
		{E1C29E5B-34B2-4710-AFDD-3F9544B41A7F} = {458AD3B7-C50F-4415-9108-20054A0CBA47}
	EndGlobalSection
EndGlobal
